
Microsoft Visual Studio Solution File, Format Version 12.00
# Visual Studio Version 16
VisualStudioVersion = 16.0.29519.181
MinimumVisualStudioVersion = 10.0.40219.1
Project("{FAE04EC0-301F-11D3-BF4B-00C04F79EFBC}") = "CLI", "CLI\CLI.csproj", "{4A6DD647-6C68-45B0-BEA9-07B6A842F356}"
EndProject
Project("{FAE04EC0-301F-11D3-BF4B-00C04F79EFBC}") = "BLL", "BLL\BLL.csproj", "{8CBF30DE-B15F-4F74-9D92-3EC6E600C7CE}"
EndProject
Global
	GlobalSection(SolutionConfigurationPlatforms) = preSolution
		Debug|Any CPU = Debug|Any CPU
		Release|Any CPU = Release|Any CPU
	EndGlobalSection
	GlobalSection(ProjectConfigurationPlatforms) = postSolution
		{4A6DD647-6C68-45B0-BEA9-07B6A842F356}.Debug|Any CPU.ActiveCfg = Debug|Any CPU
		{4A6DD647-6C68-45B0-BEA9-07B6A842F356}.Debug|Any CPU.Build.0 = Debug|Any CPU
		{4A6DD647-6C68-45B0-BEA9-07B6A842F356}.Release|Any CPU.ActiveCfg = Release|Any CPU
		{4A6DD647-6C68-45B0-BEA9-07B6A842F356}.Release|Any CPU.Build.0 = Release|Any CPU
		{8CBF30DE-B15F-4F74-9D92-3EC6E600C7CE}.Debug|Any CPU.ActiveCfg = Debug|Any CPU
		{8CBF30DE-B15F-4F74-9D92-3EC6E600C7CE}.Debug|Any CPU.Build.0 = Debug|Any CPU
		{8CBF30DE-B15F-4F74-9D92-3EC6E600C7CE}.Release|Any CPU.ActiveCfg = Release|Any CPU
		{8CBF30DE-B15F-4F74-9D92-3EC6E600C7CE}.Release|Any CPU.Build.0 = Release|Any CPU
	EndGlobalSection
	GlobalSection(SolutionProperties) = preSolution
		HideSolutionNode = FALSE
	EndGlobalSection
	GlobalSection(ExtensibilityGlobals) = postSolution
		SolutionGuid = {619B2C58-26A8-4137-B673-E31F7338A19A}
	EndGlobalSection
EndGlobal
